
Microsoft Visual Studio Solution File, Format Version 12.00
# Visual Studio Version 17
VisualStudioVersion = 17.13.35931.197
MinimumVisualStudioVersion = 10.0.40219.1
Project("{FAE04EC0-301F-11D3-BF4B-00C04F79EFBC}") = "MovieFinder2025", "MovieFinder2025\MovieFinder2025.csproj", "{D0E16D17-5784-49A9-AA8A-BB7CC7AF76AF}"
EndProject
Global
	GlobalSection(SolutionConfigurationPlatforms) = preSolution
		Debug|Any CPU = Debug|Any CPU
		Debug|x64 = Debug|x64
		Release|Any CPU = Release|Any CPU
		Release|x64 = Release|x64
	EndGlobalSection
	GlobalSection(ProjectConfigurationPlatforms) = postSolution
		{D0E16D17-5784-49A9-AA8A-BB7CC7AF76AF}.Debug|Any CPU.ActiveCfg = Debug|Any CPU
		{D0E16D17-5784-49A9-AA8A-BB7CC7AF76AF}.Debug|Any CPU.Build.0 = Debug|Any CPU
		{D0E16D17-5784-49A9-AA8A-BB7CC7AF76AF}.Debug|x64.ActiveCfg = Debug|x64
		{D0E16D17-5784-49A9-AA8A-BB7CC7AF76AF}.Debug|x64.Build.0 = Debug|x64
		{D0E16D17-5784-49A9-AA8A-BB7CC7AF76AF}.Release|Any CPU.ActiveCfg = Release|Any CPU
		{D0E16D17-5784-49A9-AA8A-BB7CC7AF76AF}.Release|Any CPU.Build.0 = Release|Any CPU
		{D0E16D17-5784-49A9-AA8A-BB7CC7AF76AF}.Release|x64.ActiveCfg = Release|x64
		{D0E16D17-5784-49A9-AA8A-BB7CC7AF76AF}.Release|x64.Build.0 = Release|x64
	EndGlobalSection
	GlobalSection(SolutionProperties) = preSolution
		HideSolutionNode = FALSE
	EndGlobalSection
	GlobalSection(ExtensibilityGlobals) = postSolution
		SolutionGuid = {699425F9-7DAC-465C-AE6C-2F96A5A5A4A0}
	EndGlobalSection
EndGlobal
